
Microsoft Visual Studio Solution File, Format Version 12.00
# Visual Studio Version 17
VisualStudioVersion = 17.12.35309.182
MinimumVisualStudioVersion = 10.0.40219.1
Project("{9A19103F-16F7-4668-BE54-9A1E7A4F7556}") = "Lyt.Quantics.Engine", "Lyt.Quantics.Engine\Lyt.Quantics.Engine.csproj", "{9FBCC785-EF96-4A5D-B65F-997119801598}"
EndProject
Project("{2150E333-8FDC-42A3-9474-1A3956D46DE8}") = "Solution Items", "Solution Items", "{2BB989A8-0887-441E-8648-912042EE4F8D}"
	ProjectSection(SolutionItems) = preProject
		.editorconfig = .editorconfig
		.github\workflows\dotnet.yml = .github\workflows\dotnet.yml
		FullAdderScreenshot.png = FullAdderScreenshot.png
		LICENSE = LICENSE
		QuanticsScreenshot.png = QuanticsScreenshot.png
		README.md = README.md
	EndProjectSection
EndProject
Project("{9A19103F-16F7-4668-BE54-9A1E7A4F7556}") = "Lyt.Quantics.Engine.Tests", "Lyt.Quantics.Engine.Tests\Lyt.Quantics.Engine.Tests.csproj", "{A3689409-5E54-4EA0-8AF5-39E71A9A43DB}"
EndProject
Project("{9A19103F-16F7-4668-BE54-9A1E7A4F7556}") = "Lyt.Quantics.Studio", "Lyt.Quantics.Studio\Lyt.Quantics.Studio.csproj", "{AB33E364-1A73-434A-9433-553B25DE8DE7}"
EndProject
Project("{2150E333-8FDC-42A3-9474-1A3956D46DE8}") = "Framework", "Framework", "{E78947C0-7E1C-49D7-84AB-FF115B07F512}"
EndProject
Project("{2150E333-8FDC-42A3-9474-1A3956D46DE8}") = "Tests", "Tests", "{7F7F0AD6-6A9C-459F-B7DE-5649525DD617}"
EndProject
Project("{FAE04EC0-301F-11D3-BF4B-00C04F79EFBC}") = "Lyt.Quantics.Studio.Model", "Lyt.Quantics.Studio.Model\Lyt.Quantics.Studio.Model.csproj", "{280C7EE1-3644-4D5C-914F-77A3C7038CC6}"
EndProject
Project("{FAE04EC0-301F-11D3-BF4B-00C04F79EFBC}") = "Lyt.Quantics.Swaps", "Lyt.Quantics.Swaps\Lyt.Quantics.Swaps.csproj", "{7A0EE93B-C391-4AB1-BF2E-6CE71BACAD59}"
EndProject
Project("{2150E333-8FDC-42A3-9474-1A3956D46DE8}") = "Tools", "Tools", "{02EA681E-C7D8-13C7-8484-4AC65E1B71E8}"
EndProject
Project("{FAE04EC0-301F-11D3-BF4B-00C04F79EFBC}") = "Lyt.Quantics.SwapsConsole", "Lyt.Quantics.SwapsConsole\Lyt.Quantics.SwapsConsole.csproj", "{ED0FEF61-3177-4AD3-B16B-B31BD2EE6B37}"
EndProject
Project("{2150E333-8FDC-42A3-9474-1A3956D46DE8}") = "Avalonia", "Avalonia", "{DA5C3214-5362-D53D-7EE1-7B72DB27BE75}"
EndProject
Project("{FAE04EC0-301F-11D3-BF4B-00C04F79EFBC}") = "Lyt.Framework.Interfaces", "..\Lyt.Framework\Lyt.Framework.Interfaces\Lyt.Framework.Interfaces.csproj", "{6F16C77F-3C8D-BED7-958D-1F0F142C451E}"
EndProject
Project("{FAE04EC0-301F-11D3-BF4B-00C04F79EFBC}") = "Lyt.Model", "..\Lyt.Framework\Lyt.Model\Lyt.Model.csproj", "{A0D8AE2B-913F-3689-2813-B7CBC49CCDE4}"
EndProject
Project("{FAE04EC0-301F-11D3-BF4B-00C04F79EFBC}") = "Lyt.Persistence", "..\Lyt.Framework\Lyt.Persistence\Lyt.Persistence.csproj", "{40435D35-02F4-B617-93A1-0AD906FD6A75}"
EndProject
Project("{FAE04EC0-301F-11D3-BF4B-00C04F79EFBC}") = "Lyt.Search", "..\Lyt.Framework\Lyt.Search\Lyt.Search.csproj", "{A3971AA3-C6B6-872C-FD79-A90A80F66B55}"
EndProject
Project("{FAE04EC0-301F-11D3-BF4B-00C04F79EFBC}") = "Lyt.Utilities", "..\Lyt.Framework\Lyt.Utilities\Lyt.Utilities.csproj", "{BC6D8381-2225-FC48-9C07-EE5C4FCADF7E}"
EndProject
Project("{FAE04EC0-301F-11D3-BF4B-00C04F79EFBC}") = "Lyt.Validation", "..\Lyt.Framework\Lyt.Validation\Lyt.Validation.csproj", "{30EDB68C-2931-3EC9-352B-FD09E8658E0D}"
EndProject
Project("{FAE04EC0-301F-11D3-BF4B-00C04F79EFBC}") = "Lyt.Avalonia.Controls", "..\Lyt.Avalonia\Lyt.Avalonia.Controls\Lyt.Avalonia.Controls.csproj", "{7CB4D17F-9BED-45A4-AE3C-D3CECC2916C4}"
EndProject
Project("{FAE04EC0-301F-11D3-BF4B-00C04F79EFBC}") = "Lyt.Avalonia.Interfaces", "..\Lyt.Avalonia\Lyt.Avalonia.Interfaces\Lyt.Avalonia.Interfaces.csproj", "{0C26EF60-4941-3001-BD62-AEEE9669F666}"
EndProject
Project("{FAE04EC0-301F-11D3-BF4B-00C04F79EFBC}") = "Lyt.Avalonia.Mvvm", "..\Lyt.Avalonia\Lyt.Avalonia.Mvvm\Lyt.Avalonia.Mvvm.csproj", "{761F8ABB-93F9-3510-6DCA-4CCF287C4A1B}"
EndProject
Project("{FAE04EC0-301F-11D3-BF4B-00C04F79EFBC}") = "Lyt.Mvvm", "..\Lyt.Framework\Lyt.Mvvm\Lyt.Mvvm.csproj", "{66333785-F79B-0142-0808-D9E0F442C5F6}"
EndProject
Project("{FAE04EC0-301F-11D3-BF4B-00C04F79EFBC}") = "Lyt.FileSystem", "..\Lyt.Framework\Lyt.FileSystem\Lyt.FileSystem.csproj", "{000352DE-B557-EED7-0FDB-6138973E50C6}"
EndProject
Global
	GlobalSection(SolutionConfigurationPlatforms) = preSolution
		Debug|Any CPU = Debug|Any CPU
		Release|Any CPU = Release|Any CPU
	EndGlobalSection
	GlobalSection(ProjectConfigurationPlatforms) = postSolution
		{9FBCC785-EF96-4A5D-B65F-997119801598}.Debug|Any CPU.ActiveCfg = Debug|Any CPU
		{9FBCC785-EF96-4A5D-B65F-997119801598}.Debug|Any CPU.Build.0 = Debug|Any CPU
		{9FBCC785-EF96-4A5D-B65F-997119801598}.Release|Any CPU.ActiveCfg = Release|Any CPU
		{9FBCC785-EF96-4A5D-B65F-997119801598}.Release|Any CPU.Build.0 = Release|Any CPU
		{A3689409-5E54-4EA0-8AF5-39E71A9A43DB}.Debug|Any CPU.ActiveCfg = Debug|Any CPU
		{A3689409-5E54-4EA0-8AF5-39E71A9A43DB}.Debug|Any CPU.Build.0 = Debug|Any CPU
		{A3689409-5E54-4EA0-8AF5-39E71A9A43DB}.Release|Any CPU.ActiveCfg = Release|Any CPU
		{A3689409-5E54-4EA0-8AF5-39E71A9A43DB}.Release|Any CPU.Build.0 = Release|Any CPU
		{AB33E364-1A73-434A-9433-553B25DE8DE7}.Debug|Any CPU.ActiveCfg = Debug|Any CPU
		{AB33E364-1A73-434A-9433-553B25DE8DE7}.Debug|Any CPU.Build.0 = Debug|Any CPU
		{AB33E364-1A73-434A-9433-553B25DE8DE7}.Release|Any CPU.ActiveCfg = Release|Any CPU
		{AB33E364-1A73-434A-9433-553B25DE8DE7}.Release|Any CPU.Build.0 = Release|Any CPU
		{280C7EE1-3644-4D5C-914F-77A3C7038CC6}.Debug|Any CPU.ActiveCfg = Debug|Any CPU
		{280C7EE1-3644-4D5C-914F-77A3C7038CC6}.Debug|Any CPU.Build.0 = Debug|Any CPU
		{280C7EE1-3644-4D5C-914F-77A3C7038CC6}.Release|Any CPU.ActiveCfg = Release|Any CPU
		{280C7EE1-3644-4D5C-914F-77A3C7038CC6}.Release|Any CPU.Build.0 = Release|Any CPU
		{7A0EE93B-C391-4AB1-BF2E-6CE71BACAD59}.Debug|Any CPU.ActiveCfg = Debug|Any CPU
		{7A0EE93B-C391-4AB1-BF2E-6CE71BACAD59}.Debug|Any CPU.Build.0 = Debug|Any CPU
		{7A0EE93B-C391-4AB1-BF2E-6CE71BACAD59}.Release|Any CPU.ActiveCfg = Release|Any CPU
		{7A0EE93B-C391-4AB1-BF2E-6CE71BACAD59}.Release|Any CPU.Build.0 = Release|Any CPU
		{ED0FEF61-3177-4AD3-B16B-B31BD2EE6B37}.Debug|Any CPU.ActiveCfg = Debug|Any CPU
		{ED0FEF61-3177-4AD3-B16B-B31BD2EE6B37}.Debug|Any CPU.Build.0 = Debug|Any CPU
		{ED0FEF61-3177-4AD3-B16B-B31BD2EE6B37}.Release|Any CPU.ActiveCfg = Release|Any CPU
		{ED0FEF61-3177-4AD3-B16B-B31BD2EE6B37}.Release|Any CPU.Build.0 = Release|Any CPU
		{6F16C77F-3C8D-BED7-958D-1F0F142C451E}.Debug|Any CPU.ActiveCfg = Debug|Any CPU
		{6F16C77F-3C8D-BED7-958D-1F0F142C451E}.Debug|Any CPU.Build.0 = Debug|Any CPU
		{6F16C77F-3C8D-BED7-958D-1F0F142C451E}.Release|Any CPU.ActiveCfg = Release|Any CPU
		{6F16C77F-3C8D-BED7-958D-1F0F142C451E}.Release|Any CPU.Build.0 = Release|Any CPU
		{A0D8AE2B-913F-3689-2813-B7CBC49CCDE4}.Debug|Any CPU.ActiveCfg = Debug|Any CPU
		{A0D8AE2B-913F-3689-2813-B7CBC49CCDE4}.Debug|Any CPU.Build.0 = Debug|Any CPU
		{A0D8AE2B-913F-3689-2813-B7CBC49CCDE4}.Release|Any CPU.ActiveCfg = Release|Any CPU
		{A0D8AE2B-913F-3689-2813-B7CBC49CCDE4}.Release|Any CPU.Build.0 = Release|Any CPU
		{40435D35-02F4-B617-93A1-0AD906FD6A75}.Debug|Any CPU.ActiveCfg = Debug|Any CPU
		{40435D35-02F4-B617-93A1-0AD906FD6A75}.Debug|Any CPU.Build.0 = Debug|Any CPU
		{40435D35-02F4-B617-93A1-0AD906FD6A75}.Release|Any CPU.ActiveCfg = Release|Any CPU
		{40435D35-02F4-B617-93A1-0AD906FD6A75}.Release|Any CPU.Build.0 = Release|Any CPU
		{A3971AA3-C6B6-872C-FD79-A90A80F66B55}.Debug|Any CPU.ActiveCfg = Debug|Any CPU
		{A3971AA3-C6B6-872C-FD79-A90A80F66B55}.Debug|Any CPU.Build.0 = Debug|Any CPU
		{A3971AA3-C6B6-872C-FD79-A90A80F66B55}.Release|Any CPU.ActiveCfg = Release|Any CPU
		{A3971AA3-C6B6-872C-FD79-A90A80F66B55}.Release|Any CPU.Build.0 = Release|Any CPU
		{BC6D8381-2225-FC48-9C07-EE5C4FCADF7E}.Debug|Any CPU.ActiveCfg = Debug|Any CPU
		{BC6D8381-2225-FC48-9C07-EE5C4FCADF7E}.Debug|Any CPU.Build.0 = Debug|Any CPU
		{BC6D8381-2225-FC48-9C07-EE5C4FCADF7E}.Release|Any CPU.ActiveCfg = Release|Any CPU
		{BC6D8381-2225-FC48-9C07-EE5C4FCADF7E}.Release|Any CPU.Build.0 = Release|Any CPU
		{30EDB68C-2931-3EC9-352B-FD09E8658E0D}.Debug|Any CPU.ActiveCfg = Debug|Any CPU
		{30EDB68C-2931-3EC9-352B-FD09E8658E0D}.Debug|Any CPU.Build.0 = Debug|Any CPU
		{30EDB68C-2931-3EC9-352B-FD09E8658E0D}.Release|Any CPU.ActiveCfg = Release|Any CPU
		{30EDB68C-2931-3EC9-352B-FD09E8658E0D}.Release|Any CPU.Build.0 = Release|Any CPU
		{7CB4D17F-9BED-45A4-AE3C-D3CECC2916C4}.Debug|Any CPU.ActiveCfg = Debug|Any CPU
		{7CB4D17F-9BED-45A4-AE3C-D3CECC2916C4}.Debug|Any CPU.Build.0 = Debug|Any CPU
		{7CB4D17F-9BED-45A4-AE3C-D3CECC2916C4}.Release|Any CPU.ActiveCfg = Release|Any CPU
		{7CB4D17F-9BED-45A4-AE3C-D3CECC2916C4}.Release|Any CPU.Build.0 = Release|Any CPU
		{0C26EF60-4941-3001-BD62-AEEE9669F666}.Debug|Any CPU.ActiveCfg = Debug|Any CPU
		{0C26EF60-4941-3001-BD62-AEEE9669F666}.Debug|Any CPU.Build.0 = Debug|Any CPU
		{0C26EF60-4941-3001-BD62-AEEE9669F666}.Release|Any CPU.ActiveCfg = Release|Any CPU
		{0C26EF60-4941-3001-BD62-AEEE9669F666}.Release|Any CPU.Build.0 = Release|Any CPU
		{761F8ABB-93F9-3510-6DCA-4CCF287C4A1B}.Debug|Any CPU.ActiveCfg = Debug|Any CPU
		{761F8ABB-93F9-3510-6DCA-4CCF287C4A1B}.Debug|Any CPU.Build.0 = Debug|Any CPU
		{761F8ABB-93F9-3510-6DCA-4CCF287C4A1B}.Release|Any CPU.ActiveCfg = Release|Any CPU
		{761F8ABB-93F9-3510-6DCA-4CCF287C4A1B}.Release|Any CPU.Build.0 = Release|Any CPU
		{66333785-F79B-0142-0808-D9E0F442C5F6}.Debug|Any CPU.ActiveCfg = Debug|Any CPU
		{66333785-F79B-0142-0808-D9E0F442C5F6}.Debug|Any CPU.Build.0 = Debug|Any CPU
		{66333785-F79B-0142-0808-D9E0F442C5F6}.Release|Any CPU.ActiveCfg = Release|Any CPU
		{66333785-F79B-0142-0808-D9E0F442C5F6}.Release|Any CPU.Build.0 = Release|Any CPU
		{000352DE-B557-EED7-0FDB-6138973E50C6}.Debug|Any CPU.ActiveCfg = Debug|Any CPU
		{000352DE-B557-EED7-0FDB-6138973E50C6}.Debug|Any CPU.Build.0 = Debug|Any CPU
		{000352DE-B557-EED7-0FDB-6138973E50C6}.Release|Any CPU.ActiveCfg = Release|Any CPU
		{000352DE-B557-EED7-0FDB-6138973E50C6}.Release|Any CPU.Build.0 = Release|Any CPU
	EndGlobalSection
	GlobalSection(SolutionProperties) = preSolution
		HideSolutionNode = FALSE
	EndGlobalSection
	GlobalSection(NestedProjects) = preSolution
		{A3689409-5E54-4EA0-8AF5-39E71A9A43DB} = {7F7F0AD6-6A9C-459F-B7DE-5649525DD617}
		{7A0EE93B-C391-4AB1-BF2E-6CE71BACAD59} = {02EA681E-C7D8-13C7-8484-4AC65E1B71E8}
		{ED0FEF61-3177-4AD3-B16B-B31BD2EE6B37} = {02EA681E-C7D8-13C7-8484-4AC65E1B71E8}
		{6F16C77F-3C8D-BED7-958D-1F0F142C451E} = {E78947C0-7E1C-49D7-84AB-FF115B07F512}
		{A0D8AE2B-913F-3689-2813-B7CBC49CCDE4} = {E78947C0-7E1C-49D7-84AB-FF115B07F512}
		{40435D35-02F4-B617-93A1-0AD906FD6A75} = {E78947C0-7E1C-49D7-84AB-FF115B07F512}
		{A3971AA3-C6B6-872C-FD79-A90A80F66B55} = {E78947C0-7E1C-49D7-84AB-FF115B07F512}
		{BC6D8381-2225-FC48-9C07-EE5C4FCADF7E} = {E78947C0-7E1C-49D7-84AB-FF115B07F512}
		{30EDB68C-2931-3EC9-352B-FD09E8658E0D} = {E78947C0-7E1C-49D7-84AB-FF115B07F512}
		{7CB4D17F-9BED-45A4-AE3C-D3CECC2916C4} = {DA5C3214-5362-D53D-7EE1-7B72DB27BE75}
		{0C26EF60-4941-3001-BD62-AEEE9669F666} = {DA5C3214-5362-D53D-7EE1-7B72DB27BE75}
		{761F8ABB-93F9-3510-6DCA-4CCF287C4A1B} = {DA5C3214-5362-D53D-7EE1-7B72DB27BE75}
		{66333785-F79B-0142-0808-D9E0F442C5F6} = {E78947C0-7E1C-49D7-84AB-FF115B07F512}
		{000352DE-B557-EED7-0FDB-6138973E50C6} = {E78947C0-7E1C-49D7-84AB-FF115B07F512}
	EndGlobalSection
	GlobalSection(ExtensibilityGlobals) = postSolution
		SolutionGuid = {AE3F677D-2838-47EE-8DB0-77930CEA80A9}
	EndGlobalSection
EndGlobal
